<?xml version="1.0" encoding="utf-8"?>
<Project ToolsVersion="4.0" xmlns="http://schemas.microsoft.com/developer/msbuild/2003">
  <ItemGroup>
    <Filter Include="Header Files">
      <UniqueIdentifier>{93995380-89BD-4b04-88EB-625FBE52EBFB}</UniqueIdentifier>
      <Extensions>h</Extensions>
    </Filter>
    <Filter Include="Form Files">
      <UniqueIdentifier>{99349809-55BA-4b9d-BF79-8FDBB0286EB3}</UniqueIdentifier>
      <Extensions>ui</Extensions>
    </Filter>
    <Filter Include="Generated Files">
      <UniqueIdentifier>{71ED8ED8-ACB9-4CE9-BBE1-E00B30144E11}</UniqueIdentifier>
      <Extensions>moc;h;cpp</Extensions>
      <SourceControlFiles>False</SourceControlFiles>
    </Filter>
    <Filter Include="Generated Files\Debug">
      <UniqueIdentifier>{30df643e-ae48-4615-abea-e2ccf1f92099}</UniqueIdentifier>
      <Extensions>cpp;moc</Extensions>
      <SourceControlFiles>False</SourceControlFiles>
    </Filter>
    <Filter Include="Generated Files\Release">
      <UniqueIdentifier>{ff281109-bbf3-44a4-b1f3-233c365bbc3c}</UniqueIdentifier>
      <Extensions>cpp;moc</Extensions>
      <SourceControlFiles>False</SourceControlFiles>
    </Filter>
    <Filter Include="src">
      <UniqueIdentifier>{4FC737F1-C7A5-4376-A066-2A32D752A2FF}</UniqueIdentifier>
      <Extensions>cpp;cxx;c;def</Extensions>
    </Filter>
    <Filter Include="res">
      <UniqueIdentifier>{944472b2-b01c-4e26-8aab-4c3c75de87f7}</UniqueIdentifier>
    </Filter>
    <Filter Include="Resource Files">
      <UniqueIdentifier>{D9D6E242-F8AF-46E4-B9FD-80ECBC20BA3E}</UniqueIdentifier>
      <Extensions>qrc;*</Extensions>
      <ParseFiles>false</ParseFiles>
    </Filter>
  </ItemGroup>
  <ItemGroup>
    <ClInclude Include="src\AutoParse.h">
      <Filter>src</Filter>
    </ClInclude>
    <ClInclude Include="GeneratedFiles\ui_convertWidgetClass.h">
      <Filter>Generated Files</Filter>
    </ClInclude>
    <ClInclude Include="libxl\enum.h">
      <Filter>Header Files</Filter>
    </ClInclude>
    <ClInclude Include="libxl\IBookT.h">
      <Filter>Header Files</Filter>
    </ClInclude>
    <ClInclude Include="libxl\IFontT.h">
      <Filter>Header Files</Filter>
    </ClInclude>
    <ClInclude Include="libxl\IFormatT.h">
      <Filter>Header Files</Filter>
    </ClInclude>
    <ClInclude Include="libxl\ISheetT.h">
      <Filter>Header Files</Filter>
    </ClInclude>
    <ClInclude Include="libxl\libxl.h">
      <Filter>Header Files</Filter>
    </ClInclude>
    <ClInclude Include="libxl\setup.h">
      <Filter>Header Files</Filter>
    </ClInclude>
    <ClInclude Include="src\qtranslator_p.h">
      <Filter>src</Filter>
    </ClInclude>
  </ItemGroup>
  <ItemGroup>
    <CustomBuild Include="src\convertWidget.h">
      <Filter>src</Filter>
    </CustomBuild>
    <CustomBuild Include="src\convertWidgetClass.ui">
      <Filter>src</Filter>
    </CustomBuild>
    <CustomBuild Include="src\parseCpp.cpp">
      <Filter>src</Filter>
    </CustomBuild>
    <CustomBuild Include="GeneratedFiles\Debug\parseCpp.moc">
      <Filter>Generated Files\Debug</Filter>
    </CustomBuild>
    <CustomBuild Include="res\fileConvert.qrc">
      <Filter>res</Filter>
    </CustomBuild>
  </ItemGroup>
  <ItemGroup>
    <ClCompile Include="src\convertWidget.cpp">
      <Filter>src</Filter>
    </ClCompile>
    <ClCompile Include="GeneratedFiles\Debug\moc_convertWidget.cpp">
      <Filter>Generated Files\Debug</Filter>
    </ClCompile>
    <ClCompile Include="GeneratedFiles\Release\moc_convertWidget.cpp">
      <Filter>Generated Files\Release</Filter>
    </ClCompile>
    <ClCompile Include="src\excelHandler.cpp">
      <Filter>src</Filter>
    </ClCompile>
    <ClCompile Include="src\excelToQm.cpp">
      <Filter>src</Filter>
    </ClCompile>
    <ClCompile Include="src\main.cpp">
      <Filter>src</Filter>
    </ClCompile>
    <ClCompile Include="src\numerus.cpp">
      <Filter>src</Filter>
    </ClCompile>
    <ClCompile Include="src\parseSln.cpp">
      <Filter>src</Filter>
    </ClCompile>
    <ClCompile Include="src\parseUI.cpp">
      <Filter>src</Filter>
    </ClCompile>
    <ClCompile Include="GeneratedFiles\qrc_fileConvert.cpp">
      <Filter>Generated Files</Filter>
    </ClCompile>
  </ItemGroup>
  <ItemGroup>
    <Image Include="res\images\open.png">
      <Filter>Resource Files</Filter>
    </Image>
  </ItemGroup>
</Project>